
Microsoft Visual Studio Solution File, Format Version 12.00
# Visual Studio 14
VisualStudioVersion = 14.0.25420.1
MinimumVisualStudioVersion = 10.0.40219.1
Project("{FAE04EC0-301F-11D3-BF4B-00C04F79EFBC}") = "Microsoft.OfficeProPlus.InstallGenerator", "OfficeInstallGenerator\Microsoft.OfficeProPlus.InstallGenerator.csproj", "{0702F643-0467-43A4-BDBC-B54F006E8244}"
EndProject
Project("{FAE04EC0-301F-11D3-BF4B-00C04F79EFBC}") = "OfficeInstallGeneratorTests", "OfficeInstallGeneratorTests\OfficeInstallGeneratorTests.csproj", "{FC7461AC-28CF-4F50-8FB5-D771A69D636A}"
EndProject
Project("{FAE04EC0-301F-11D3-BF4B-00C04F79EFBC}") = "Micorosft.OfficeProPlus.ConfigurationXml", "Micorosft.OfficeProPlus.ConfigurationXml\Micorosft.OfficeProPlus.ConfigurationXml.csproj", "{CE88A24E-73C3-4B1D-B72C-F41894485A14}"
EndProject
Project("{2150E333-8FDC-42A3-9474-1A3956D46DE8}") = ".nuget", ".nuget", "{B0D3B2E7-3861-4F98-BA5F-99ABA76C8573}"
	ProjectSection(SolutionItems) = preProject
		.nuget\NuGet.Config = .nuget\NuGet.Config
		.nuget\NuGet.exe = .nuget\NuGet.exe
		.nuget\NuGet.targets = .nuget\NuGet.targets
	EndProjectSection
EndProject
Project("{FAE04EC0-301F-11D3-BF4B-00C04F79EFBC}") = "MahApps.Metro", "MahApps.Metro\MahApps.Metro.csproj", "{5B1710D2-5DC8-4754-91B2-19165DE49B3D}"
EndProject
Project("{FAE04EC0-301F-11D3-BF4B-00C04F79EFBC}") = "MahApps.Metro.Resources", "MahApps.Metro.Resources\MahApps.Metro.Resources.csproj", "{E708AC99-605B-42A0-8D20-ABCA8FE42DD2}"
EndProject
Project("{2150E333-8FDC-42A3-9474-1A3956D46DE8}") = "Business", "Business", "{6676105C-F83B-4B9F-B055-7056C8695E8A}"
EndProject
Project("{2150E333-8FDC-42A3-9474-1A3956D46DE8}") = "Presentation", "Presentation", "{5B15E1D7-8BC7-4388-A02A-346BCEB9B089}"
EndProject
Project("{FAE04EC0-301F-11D3-BF4B-00C04F79EFBC}") = "OfficeProPlusInstallGenerator", "OfficeProPlusInstallGenerator\OfficeProPlusInstallGenerator.csproj", "{4DFCB792-F97F-461C-81B1-AFB177A550A7}"
EndProject
Project("{FAE04EC0-301F-11D3-BF4B-00C04F79EFBC}") = "Microsoft.OfficeProPlus.Downloader", "Microsoft.OfficeProPlus.Downloader\Microsoft.OfficeProPlus.Downloader.csproj", "{EA30B98D-401B-46EE-BA77-31EFC287E9AF}"
EndProject
Project("{2150E333-8FDC-42A3-9474-1A3956D46DE8}") = "Scratch", "Scratch", "{FFAC36EF-E398-487F-BD4A-6BCE7F77D319}"
EndProject
Project("{FAE04EC0-301F-11D3-BF4B-00C04F79EFBC}") = "TestWixGeneration", "TestWixGeneration\TestWixGeneration.csproj", "{B633E804-DC0C-4D9D-9E61-DD3D9975AE58}"
EndProject
Project("{2150E333-8FDC-42A3-9474-1A3956D46DE8}") = "ProjectFiles", "ProjectFiles", "{0DBDAE31-AE63-4704-893E-ACBF5064379F}"
	ProjectSection(SolutionItems) = preProject
		E:\Users\rsmith.VCG\Downloads\1447297750_gear_settings_cog_preferences.ico = E:\Users\rsmith.VCG\Downloads\1447297750_gear_settings_cog_preferences.ico
		ProjectFiles\WixSharp.dll = ProjectFiles\WixSharp.dll
		ProjectFiles\WixSharp.Msi.dll = ProjectFiles\WixSharp.Msi.dll
		ProjectFiles\WixSharp.Msi.xml = ProjectFiles\WixSharp.Msi.xml
		ProjectFiles\WixSharp.Reference.chm = ProjectFiles\WixSharp.Reference.chm
		ProjectFiles\WixSharp.UI.dll = ProjectFiles\WixSharp.UI.dll
		ProjectFiles\WixSharp.UI.xml = ProjectFiles\WixSharp.UI.xml
		ProjectFiles\WixSharp.xml = ProjectFiles\WixSharp.xml
		ProjectFiles\WpfAnimatedGif.dll = ProjectFiles\WpfAnimatedGif.dll
	EndProjectSection
EndProject
Project("{FAE04EC0-301F-11D3-BF4B-00C04F79EFBC}") = "Microsoft.OfficeProPlus.MSIGen", "Microsoft.OfficeProPlus.MSIGenerator\Microsoft.OfficeProPlus.MSIGen.csproj", "{57E3E5C7-FF48-4538-8B90-5AB106D87C6D}"
EndProject
Project("{FAE04EC0-301F-11D3-BF4B-00C04F79EFBC}") = "Microsoft.OfficeProPlus.InstallGen.Presentation", "InstallGenWPF\Microsoft.OfficeProPlus.InstallGen.Presentation.csproj", "{56E8080F-FFEB-47CD-ADB9-92245F92565B}"
EndProject
Project("{2150E333-8FDC-42A3-9474-1A3956D46DE8}") = "WixSharp45", "WixSharp45", "{F9C55054-8605-4ED6-9A6C-8101035D65BC}"
	ProjectSection(SolutionItems) = preProject
		ProjectFiles\WixSharp45\WixSharp.dll = ProjectFiles\WixSharp45\WixSharp.dll
		..\..\..\Downloads\wixsharp\WixSharp.dll = ..\..\..\Downloads\wixsharp\WixSharp.dll
		..\..\..\Downloads\wixsharp\WixSharp.Lab.dll = ..\..\..\Downloads\wixsharp\WixSharp.Lab.dll
		..\..\..\Downloads\wixsharp\WixSharp.Lab.xml = ..\..\..\Downloads\wixsharp\WixSharp.Lab.xml
		ProjectFiles\WixSharp45\WixSharp.Msi.dll = ProjectFiles\WixSharp45\WixSharp.Msi.dll
		..\..\..\Downloads\wixsharp\WixSharp.Msi.dll = ..\..\..\Downloads\wixsharp\WixSharp.Msi.dll
		..\..\..\Downloads\wixsharp\WixSharp.Msi.xml = ..\..\..\Downloads\wixsharp\WixSharp.Msi.xml
		..\..\..\Downloads\wixsharp\WixSharp.Reference.chm = ..\..\..\Downloads\wixsharp\WixSharp.Reference.chm
		ProjectFiles\WixSharp45\WixSharp.UI.dll = ProjectFiles\WixSharp45\WixSharp.UI.dll
		..\..\..\Downloads\wixsharp\WixSharp.UI.dll = ..\..\..\Downloads\wixsharp\WixSharp.UI.dll
		..\..\..\Downloads\wixsharp\WixSharp.UI.xml = ..\..\..\Downloads\wixsharp\WixSharp.UI.xml
		..\..\..\Downloads\wixsharp\WixSharp.xml = ..\..\..\Downloads\wixsharp\WixSharp.xml
	EndProjectSection
EndProject
Project("{FAE04EC0-301F-11D3-BF4B-00C04F79EFBC}") = "TestCode", "TestCode\TestCode.csproj", "{773B8C58-63B6-4B72-A231-1D999F5ECB9A}"
EndProject
Project("{2150E333-8FDC-42A3-9474-1A3956D46DE8}") = "Web", "Web", "{2148509A-2948-4253-BC52-BE4F40EA6EC7}"
EndProject
Project("{FAE04EC0-301F-11D3-BF4B-00C04F79EFBC}") = "OfficeVersionHistory", "OfficeVersionHistory\OfficeVersionHistory.csproj", "{42FB0C9E-CBD8-4321-AFFA-E95D9FCDE423}"
EndProject
Project("{FAE04EC0-301F-11D3-BF4B-00C04F79EFBC}") = "GetWebsiteProPlusVersions", "GetWebsiteProPlusVersions\GetWebsiteProPlusVersions.csproj", "{2BE679E4-D4C2-475F-846A-565E5D9D6527}"
EndProject
Global
	GlobalSection(SolutionConfigurationPlatforms) = preSolution
		Debug|Any CPU = Debug|Any CPU
		Release|Any CPU = Release|Any CPU
	EndGlobalSection
	GlobalSection(ProjectConfigurationPlatforms) = postSolution
		{0702F643-0467-43A4-BDBC-B54F006E8244}.Debug|Any CPU.ActiveCfg = Debug|Any CPU
		{0702F643-0467-43A4-BDBC-B54F006E8244}.Debug|Any CPU.Build.0 = Debug|Any CPU
		{0702F643-0467-43A4-BDBC-B54F006E8244}.Release|Any CPU.ActiveCfg = Release|Any CPU
		{0702F643-0467-43A4-BDBC-B54F006E8244}.Release|Any CPU.Build.0 = Release|Any CPU
		{FC7461AC-28CF-4F50-8FB5-D771A69D636A}.Debug|Any CPU.ActiveCfg = Debug|Any CPU
		{FC7461AC-28CF-4F50-8FB5-D771A69D636A}.Debug|Any CPU.Build.0 = Debug|Any CPU
		{FC7461AC-28CF-4F50-8FB5-D771A69D636A}.Release|Any CPU.ActiveCfg = Release|Any CPU
		{FC7461AC-28CF-4F50-8FB5-D771A69D636A}.Release|Any CPU.Build.0 = Release|Any CPU
		{CE88A24E-73C3-4B1D-B72C-F41894485A14}.Debug|Any CPU.ActiveCfg = Debug|Any CPU
		{CE88A24E-73C3-4B1D-B72C-F41894485A14}.Debug|Any CPU.Build.0 = Debug|Any CPU
		{CE88A24E-73C3-4B1D-B72C-F41894485A14}.Release|Any CPU.ActiveCfg = Release|Any CPU
		{CE88A24E-73C3-4B1D-B72C-F41894485A14}.Release|Any CPU.Build.0 = Release|Any CPU
		{5B1710D2-5DC8-4754-91B2-19165DE49B3D}.Debug|Any CPU.ActiveCfg = Debug|Any CPU
		{5B1710D2-5DC8-4754-91B2-19165DE49B3D}.Debug|Any CPU.Build.0 = Debug|Any CPU
		{5B1710D2-5DC8-4754-91B2-19165DE49B3D}.Release|Any CPU.ActiveCfg = Release|Any CPU
		{5B1710D2-5DC8-4754-91B2-19165DE49B3D}.Release|Any CPU.Build.0 = Release|Any CPU
		{E708AC99-605B-42A0-8D20-ABCA8FE42DD2}.Debug|Any CPU.ActiveCfg = Debug|Any CPU
		{E708AC99-605B-42A0-8D20-ABCA8FE42DD2}.Debug|Any CPU.Build.0 = Debug|Any CPU
		{E708AC99-605B-42A0-8D20-ABCA8FE42DD2}.Release|Any CPU.ActiveCfg = Release|Any CPU
		{E708AC99-605B-42A0-8D20-ABCA8FE42DD2}.Release|Any CPU.Build.0 = Release|Any CPU
		{4DFCB792-F97F-461C-81B1-AFB177A550A7}.Debug|Any CPU.ActiveCfg = Debug|Any CPU
		{4DFCB792-F97F-461C-81B1-AFB177A550A7}.Debug|Any CPU.Build.0 = Debug|Any CPU
		{4DFCB792-F97F-461C-81B1-AFB177A550A7}.Release|Any CPU.ActiveCfg = Release|Any CPU
		{4DFCB792-F97F-461C-81B1-AFB177A550A7}.Release|Any CPU.Build.0 = Release|Any CPU
		{EA30B98D-401B-46EE-BA77-31EFC287E9AF}.Debug|Any CPU.ActiveCfg = Debug|Any CPU
		{EA30B98D-401B-46EE-BA77-31EFC287E9AF}.Debug|Any CPU.Build.0 = Debug|Any CPU
		{EA30B98D-401B-46EE-BA77-31EFC287E9AF}.Release|Any CPU.ActiveCfg = Release|Any CPU
		{EA30B98D-401B-46EE-BA77-31EFC287E9AF}.Release|Any CPU.Build.0 = Release|Any CPU
		{B633E804-DC0C-4D9D-9E61-DD3D9975AE58}.Debug|Any CPU.ActiveCfg = Debug|Any CPU
		{B633E804-DC0C-4D9D-9E61-DD3D9975AE58}.Debug|Any CPU.Build.0 = Debug|Any CPU
		{B633E804-DC0C-4D9D-9E61-DD3D9975AE58}.Release|Any CPU.ActiveCfg = Release|Any CPU
		{B633E804-DC0C-4D9D-9E61-DD3D9975AE58}.Release|Any CPU.Build.0 = Release|Any CPU
		{57E3E5C7-FF48-4538-8B90-5AB106D87C6D}.Debug|Any CPU.ActiveCfg = Debug|Any CPU
		{57E3E5C7-FF48-4538-8B90-5AB106D87C6D}.Debug|Any CPU.Build.0 = Debug|Any CPU
		{57E3E5C7-FF48-4538-8B90-5AB106D87C6D}.Release|Any CPU.ActiveCfg = Release|Any CPU
		{57E3E5C7-FF48-4538-8B90-5AB106D87C6D}.Release|Any CPU.Build.0 = Release|Any CPU
		{56E8080F-FFEB-47CD-ADB9-92245F92565B}.Debug|Any CPU.ActiveCfg = Debug|Any CPU
		{56E8080F-FFEB-47CD-ADB9-92245F92565B}.Debug|Any CPU.Build.0 = Debug|Any CPU
		{56E8080F-FFEB-47CD-ADB9-92245F92565B}.Release|Any CPU.ActiveCfg = Release|Any CPU
		{56E8080F-FFEB-47CD-ADB9-92245F92565B}.Release|Any CPU.Build.0 = Release|Any CPU
		{773B8C58-63B6-4B72-A231-1D999F5ECB9A}.Debug|Any CPU.ActiveCfg = Debug|Any CPU
		{773B8C58-63B6-4B72-A231-1D999F5ECB9A}.Debug|Any CPU.Build.0 = Debug|Any CPU
		{773B8C58-63B6-4B72-A231-1D999F5ECB9A}.Release|Any CPU.ActiveCfg = Release|Any CPU
		{773B8C58-63B6-4B72-A231-1D999F5ECB9A}.Release|Any CPU.Build.0 = Release|Any CPU
		{42FB0C9E-CBD8-4321-AFFA-E95D9FCDE423}.Debug|Any CPU.ActiveCfg = Debug|Any CPU
		{42FB0C9E-CBD8-4321-AFFA-E95D9FCDE423}.Debug|Any CPU.Build.0 = Debug|Any CPU
		{42FB0C9E-CBD8-4321-AFFA-E95D9FCDE423}.Release|Any CPU.ActiveCfg = Release|Any CPU
		{42FB0C9E-CBD8-4321-AFFA-E95D9FCDE423}.Release|Any CPU.Build.0 = Release|Any CPU
		{2BE679E4-D4C2-475F-846A-565E5D9D6527}.Debug|Any CPU.ActiveCfg = Debug|Any CPU
		{2BE679E4-D4C2-475F-846A-565E5D9D6527}.Debug|Any CPU.Build.0 = Debug|Any CPU
		{2BE679E4-D4C2-475F-846A-565E5D9D6527}.Release|Any CPU.ActiveCfg = Release|Any CPU
		{2BE679E4-D4C2-475F-846A-565E5D9D6527}.Release|Any CPU.Build.0 = Release|Any CPU
	EndGlobalSection
	GlobalSection(SolutionProperties) = preSolution
		HideSolutionNode = FALSE
	EndGlobalSection
	GlobalSection(NestedProjects) = preSolution
		{0702F643-0467-43A4-BDBC-B54F006E8244} = {6676105C-F83B-4B9F-B055-7056C8695E8A}
		{CE88A24E-73C3-4B1D-B72C-F41894485A14} = {6676105C-F83B-4B9F-B055-7056C8695E8A}
		{4DFCB792-F97F-461C-81B1-AFB177A550A7} = {5B15E1D7-8BC7-4388-A02A-346BCEB9B089}
		{EA30B98D-401B-46EE-BA77-31EFC287E9AF} = {6676105C-F83B-4B9F-B055-7056C8695E8A}
		{B633E804-DC0C-4D9D-9E61-DD3D9975AE58} = {FFAC36EF-E398-487F-BD4A-6BCE7F77D319}
		{57E3E5C7-FF48-4538-8B90-5AB106D87C6D} = {6676105C-F83B-4B9F-B055-7056C8695E8A}
		{56E8080F-FFEB-47CD-ADB9-92245F92565B} = {5B15E1D7-8BC7-4388-A02A-346BCEB9B089}
		{F9C55054-8605-4ED6-9A6C-8101035D65BC} = {0DBDAE31-AE63-4704-893E-ACBF5064379F}
		{42FB0C9E-CBD8-4321-AFFA-E95D9FCDE423} = {2148509A-2948-4253-BC52-BE4F40EA6EC7}
		{2BE679E4-D4C2-475F-846A-565E5D9D6527} = {FFAC36EF-E398-487F-BD4A-6BCE7F77D319}
	EndGlobalSection
EndGlobal
